
Microsoft Visual Studio Solution File, Format Version 12.00
# Visual Studio Version 17
VisualStudioVersion = 17.2.32630.192
MinimumVisualStudioVersion = 10.0.40219.1
Project("{9A19103F-16F7-4668-BE54-9A1E7A4F7556}") = "CleanArchMvc.Domain", "CleanArchMvc.Domain\CleanArchMvc.Domain.csproj", "{2A0F225E-F492-4164-8AA9-989C4FA6F0F9}"
EndProject
Project("{9A19103F-16F7-4668-BE54-9A1E7A4F7556}") = "CleanArchMvc.Application", "CleanArchMvc.Application\CleanArchMvc.Application.csproj", "{B288A326-C7BD-4351-B40F-612D73F1CCD4}"
EndProject
Project("{9A19103F-16F7-4668-BE54-9A1E7A4F7556}") = "CleanArchMvc.Infra.Data", "CleanArchMvc.Infra.Data\CleanArchMvc.Infra.Data.csproj", "{6820373E-75A5-480B-810D-DDB4BDC3B407}"
EndProject
Project("{9A19103F-16F7-4668-BE54-9A1E7A4F7556}") = "CleanArchMvc.Infra.IoC", "CleanArchMvc.Infra.IoC\CleanArchMvc.Infra.IoC.csproj", "{B15B509F-7662-4DD8-9640-F6F66D2675EB}"
EndProject
Project("{9A19103F-16F7-4668-BE54-9A1E7A4F7556}") = "CleanArchMvc.WebUI", "CleanArchMvc.WebUI\CleanArchMvc.WebUI.csproj", "{3D59385F-A54B-4E16-9687-9ABEF288E1D7}"
EndProject
Project("{2150E333-8FDC-42A3-9474-1A3956D46DE8}") = "Solution Items", "Solution Items", "{9A2502DA-E53E-434D-BEC5-762A217A4454}"
	ProjectSection(SolutionItems) = preProject
		.editorconfig = .editorconfig
	EndProjectSection
EndProject
Global
	GlobalSection(SolutionConfigurationPlatforms) = preSolution
		Debug|Any CPU = Debug|Any CPU
		Release|Any CPU = Release|Any CPU
	EndGlobalSection
	GlobalSection(ProjectConfigurationPlatforms) = postSolution
		{2A0F225E-F492-4164-8AA9-989C4FA6F0F9}.Debug|Any CPU.ActiveCfg = Debug|Any CPU
		{2A0F225E-F492-4164-8AA9-989C4FA6F0F9}.Debug|Any CPU.Build.0 = Debug|Any CPU
		{2A0F225E-F492-4164-8AA9-989C4FA6F0F9}.Release|Any CPU.ActiveCfg = Release|Any CPU
		{2A0F225E-F492-4164-8AA9-989C4FA6F0F9}.Release|Any CPU.Build.0 = Release|Any CPU
		{B288A326-C7BD-4351-B40F-612D73F1CCD4}.Debug|Any CPU.ActiveCfg = Debug|Any CPU
		{B288A326-C7BD-4351-B40F-612D73F1CCD4}.Debug|Any CPU.Build.0 = Debug|Any CPU
		{B288A326-C7BD-4351-B40F-612D73F1CCD4}.Release|Any CPU.ActiveCfg = Release|Any CPU
		{B288A326-C7BD-4351-B40F-612D73F1CCD4}.Release|Any CPU.Build.0 = Release|Any CPU
		{6820373E-75A5-480B-810D-DDB4BDC3B407}.Debug|Any CPU.ActiveCfg = Debug|Any CPU
		{6820373E-75A5-480B-810D-DDB4BDC3B407}.Debug|Any CPU.Build.0 = Debug|Any CPU
		{6820373E-75A5-480B-810D-DDB4BDC3B407}.Release|Any CPU.ActiveCfg = Release|Any CPU
		{6820373E-75A5-480B-810D-DDB4BDC3B407}.Release|Any CPU.Build.0 = Release|Any CPU
		{B15B509F-7662-4DD8-9640-F6F66D2675EB}.Debug|Any CPU.ActiveCfg = Debug|Any CPU
		{B15B509F-7662-4DD8-9640-F6F66D2675EB}.Debug|Any CPU.Build.0 = Debug|Any CPU
		{B15B509F-7662-4DD8-9640-F6F66D2675EB}.Release|Any CPU.ActiveCfg = Release|Any CPU
		{B15B509F-7662-4DD8-9640-F6F66D2675EB}.Release|Any CPU.Build.0 = Release|Any CPU
		{3D59385F-A54B-4E16-9687-9ABEF288E1D7}.Debug|Any CPU.ActiveCfg = Debug|Any CPU
		{3D59385F-A54B-4E16-9687-9ABEF288E1D7}.Debug|Any CPU.Build.0 = Debug|Any CPU
		{3D59385F-A54B-4E16-9687-9ABEF288E1D7}.Release|Any CPU.ActiveCfg = Release|Any CPU
		{3D59385F-A54B-4E16-9687-9ABEF288E1D7}.Release|Any CPU.Build.0 = Release|Any CPU
	EndGlobalSection
	GlobalSection(SolutionProperties) = preSolution
		HideSolutionNode = FALSE
	EndGlobalSection
	GlobalSection(ExtensibilityGlobals) = postSolution
		SolutionGuid = {8459837E-5470-4462-96CA-FD3D4D64F344}
	EndGlobalSection
EndGlobal
